
Microsoft Visual Studio Solution File, Format Version 12.00
# Visual Studio Version 17
VisualStudioVersion = 17.0.31912.275
MinimumVisualStudioVersion = 10.0.40219.1
Project("{FAE04EC0-301F-11D3-BF4B-00C04F79EFBC}") = "ExpenseTracker", "ExpenseTracker\ExpenseTracker.csproj", "{C7A22F3C-3508-4DC9-9E35-5656CDA4BD74}"
EndProject
Global
	GlobalSection(SolutionConfigurationPlatforms) = preSolution
		Debug|Any CPU = Debug|Any CPU
		Release|Any CPU = Release|Any CPU
	EndGlobalSection
	GlobalSection(ProjectConfigurationPlatforms) = postSolution
		{C7A22F3C-3508-4DC9-9E35-5656CDA4BD74}.Debug|Any CPU.ActiveCfg = Debug|Any CPU
		{C7A22F3C-3508-4DC9-9E35-5656CDA4BD74}.Debug|Any CPU.Build.0 = Debug|Any CPU
		{C7A22F3C-3508-4DC9-9E35-5656CDA4BD74}.Release|Any CPU.ActiveCfg = Release|Any CPU
		{C7A22F3C-3508-4DC9-9E35-5656CDA4BD74}.Release|Any CPU.Build.0 = Release|Any CPU
	EndGlobalSection
	GlobalSection(SolutionProperties) = preSolution
		HideSolutionNode = FALSE
	EndGlobalSection
	GlobalSection(ExtensibilityGlobals) = postSolution
		SolutionGuid = {E67A1D39-1FB4-4717-811B-D7FF00D8BFB7}
	EndGlobalSection
EndGlobal
